// !$*UTF8*$!
{
	archiveVersion = 1;
	classes = {
	};
	objectVersion = 46;
	objects = {

/* Begin PBXBuildFile section */
		C21F6C7019032AAA00756814 /* Foundation.framework in Frameworks */ = {isa = PBXBuildFile; fileRef = C21F6C6F19032AAA00756814 /* Foundation.framework */; };
		C21F6C7219032AAA00756814 /* CoreGraphics.framework in Frameworks */ = {isa = PBXBuildFile; fileRef = C21F6C7119032AAA00756814 /* CoreGraphics.framework */; };
		C21F6C7419032AAA00756814 /* UIKit.framework in Frameworks */ = {isa = PBXBuildFile; fileRef = C21F6C7319032AAA00756814 /* UIKit.framework */; };
		C21F6CA719032B0900756814 /* InfoPlist.strings in Resources */ = {isa = PBXBuildFile; fileRef = C21F6C9F19032B0800756814 /* InfoPlist.strings */; };
		C21F6CA819032B0900756814 /* Images.xcassets in Resources */ = {isa = PBXBuildFile; fileRef = C21F6CA119032B0800756814 /* Images.xcassets */; };
		C21F6CA919032B0900756814 /* ios-signals-Info.plist in Resources */ = {isa = PBXBuildFile; fileRef = C21F6CA219032B0800756814 /* ios-signals-Info.plist */; };
		C21F6CAA19032B0900756814 /* main.m in Sources */ = {isa = PBXBuildFile; fileRef = C21F6CA419032B0800756814 /* main.m */; };
		C21F6CAB19032B0900756814 /* YOSAppDelegate.m in Sources */ = {isa = PBXBuildFile; fileRef = C21F6CA619032B0800756814 /* YOSAppDelegate.m */; };
/* End PBXBuildFile section */

/* Begin PBXFileReference section */
		C21F6C6C19032AAA00756814 /* ios-signals.app */ = {isa = PBXFileReference; explicitFileType = wrapper.application; includeInIndex = 0; path = "ios-signals.app"; sourceTree = BUILT_PRODUCTS_DIR; };
		C21F6C6F19032AAA00756814 /* Foundation.framework */ = {isa = PBXFileReference; lastKnownFileType = wrapper.framework; name = Foundation.framework; path = System/Library/Frameworks/Foundation.framework; sourceTree = SDKROOT; };
		C21F6C7119032AAA00756814 /* CoreGraphics.framework */ = {isa = PBXFileReference; lastKnownFileType = wrapper.framework; name = CoreGraphics.framework; path = System/Library/Frameworks/CoreGraphics.framework; sourceTree = SDKROOT; };
		C21F6C7319032AAA00756814 /* UIKit.framework */ = {isa = PBXFileReference; lastKnownFileType = wrapper.framework; name = UIKit.framework; path = System/Library/Frameworks/UIKit.framework; sourceTree = SDKROOT; };
		C21F6C8819032AAA00756814 /* XCTest.framework */ = {isa = PBXFileReference; lastKnownFileType = wrapper.framework; name = XCTest.framework; path = Library/Frameworks/XCTest.framework; sourceTree = DEVELOPER_DIR; };
		C21F6CA019032B0800756814 /* en */ = {isa = PBXFileReference; lastKnownFileType = text.plist.strings; name = en; path = en.lproj/InfoPlist.strings; sourceTree = "<group>"; };
		C21F6CA119032B0800756814 /* Images.xcassets */ = {isa = PBXFileReference; lastKnownFileType = folder.assetcatalog; path = Images.xcassets; sourceTree = "<group>"; };
		C21F6CA219032B0800756814 /* ios-signals-Info.plist */ = {isa = PBXFileReference; fileEncoding = 4; lastKnownFileType = text.plist.xml; path = "ios-signals-Info.plist"; sourceTree = "<group>"; };
		C21F6CA319032B0800756814 /* ios-signals-Prefix.pch */ = {isa = PBXFileReference; fileEncoding = 4; lastKnownFileType = sourcecode.c.h; path = "ios-signals-Prefix.pch"; sourceTree = "<group>"; };
		C21F6CA419032B0800756814 /* main.m */ = {isa = PBXFileReference; fileEncoding = 4; lastKnownFileType = sourcecode.c.objc; path = main.m; sourceTree = "<group>"; };
		C21F6CA519032B0800756814 /* YOSAppDelegate.h */ = {isa = PBXFileReference; fileEncoding = 4; lastKnownFileType = sourcecode.c.h; path = YOSAppDelegate.h; sourceTree = "<group>"; };
		C21F6CA619032B0800756814 /* YOSAppDelegate.m */ = {isa = PBXFileReference; fileEncoding = 4; lastKnownFileType = sourcecode.c.objc; path = YOSAppDelegate.m; sourceTree = "<group>"; };
/* End PBXFileReference section */

/* Begin PBXFrameworksBuildPhase section */
		C21F6C6919032AA900756814 /* Frameworks */ = {
			isa = PBXFrameworksBuildPhase;
			buildActionMask = 2147483647;
			files = (
				C21F6C7219032AAA00756814 /* CoreGraphics.framework in Frameworks */,
				C21F6C7419032AAA00756814 /* UIKit.framework in Frameworks */,
				C21F6C7019032AAA00756814 /* Foundation.framework in Frameworks */,
			);
			runOnlyForDeploymentPostprocessing = 0;
		};
/* End PBXFrameworksBuildPhase section */

/* Begin PBXGroup section */
		C21F6C6319032AA900756814 = {
			isa = PBXGroup;
			children = (
				C21F6C9E19032B0800756814 /* ios-signals */,
				C21F6C6E19032AAA00756814 /* Frameworks */,
				C21F6C6D19032AAA00756814 /* Products */,
			);
			sourceTree = "<group>";
		};
		C21F6C6D19032AAA00756814 /* Products */ = {
			isa = PBXGroup;
			children = (
				C21F6C6C19032AAA00756814 /* ios-signals.app */,
			);
			name = Products;
			sourceTree = "<group>";
		};
		C21F6C6E19032AAA00756814 /* Frameworks */ = {
			isa = PBXGroup;
			children = (
				C21F6C6F19032AAA00756814 /* Foundation.framework */,
				C21F6C7119032AAA00756814 /* CoreGraphics.framework */,
				C21F6C7319032AAA00756814 /* UIKit.framework */,
				C21F6C8819032AAA00756814 /* XCTest.framework */,
			);
			name = Frameworks;
			sourceTree = "<group>";
		};
		C21F6C9E19032B0800756814 /* ios-signals */ = {
			isa = PBXGroup;
			children = (
				C21F6C9F19032B0800756814 /* InfoPlist.strings */,
				C21F6CA119032B0800756814 /* Images.xcassets */,
				C21F6CA219032B0800756814 /* ios-signals-Info.plist */,
				C21F6CA319032B0800756814 /* ios-signals-Prefix.pch */,
				C21F6CA419032B0800756814 /* main.m */,
				C21F6CA519032B0800756814 /* YOSAppDelegate.h */,
				C21F6CA619032B0800756814 /* YOSAppDelegate.m */,
			);
			path = "ios-signals";
			sourceTree = "<group>";
		};
/* End PBXGroup section */

/* Begin PBXNativeTarget section */
		C21F6C6B19032AA900756814 /* ios-signals */ = {
			isa = PBXNativeTarget;
			buildConfigurationList = C21F6C9819032AAA00756814 /* Build configuration list for PBXNativeTarget "ios-signals" */;
			buildPhases = (
				C21F6C6819032AA900756814 /* Sources */,
				C21F6C6919032AA900756814 /* Frameworks */,
				C21F6C6A19032AA900756814 /* Resources */,
			);
			buildRules = (
			);
			dependencies = (
			);
			name = "ios-signals";
			productName = "ios-isgnals";
			productReference = C21F6C6C19032AAA00756814 /* ios-signals.app */;
			productType = "com.apple.product-type.application";
		};
/* End PBXNativeTarget section */

/* Begin PBXProject section */
		C21F6C6419032AA900756814 /* Project object */ = {
			isa = PBXProject;
			attributes = {
				CLASSPREFIX = YOS;
				LastUpgradeCheck = 0510;
				ORGANIZATIONNAME = org.yostane.ios;
			};
			buildConfigurationList = C21F6C6719032AA900756814 /* Build configuration list for PBXProject "ios-signals" */;
			compatibilityVersion = "Xcode 3.2";
			developmentRegion = English;
			hasScannedForEncodings = 0;
			knownRegions = (
				en,
			);
			mainGroup = C21F6C6319032AA900756814;
			productRefGroup = C21F6C6D19032AAA00756814 /* Products */;
			projectDirPath = "";
			projectRoot = "";
			targets = (
				C21F6C6B19032AA900756814 /* ios-signals */,
			);
		};
/* End PBXProject section */

/* Begin PBXResourcesBuildPhase section */
		C21F6C6A19032AA900756814 /* Resources */ = {
			isa = PBXResourcesBuildPhase;
			buildActionMask = 2147483647;
			files = (
				C21F6CA819032B0900756814 /* Images.xcassets in Resources */,
				C21F6CA919032B0900756814 /* ios-signals-Info.plist in Resources */,
				C21F6CA719032B0900756814 /* InfoPlist.strings in Resources */,
			);
			runOnlyForDeploymentPostprocessing = 0;
		};
/* End PBXResourcesBuildPhase section */

/* Begin PBXSourcesBuildPhase section */
		C21F6C6819032AA900756814 /* Sources */ = {
			isa = PBXSourcesBuildPhase;
			buildActionMask = 2147483647;
			files = (
				C21F6CAA19032B0900756814 /* main.m in Sources */,
				C21F6CAB19032B0900756814 /* YOSAppDelegate.m in Sources */,
			);
			runOnlyForDeploymentPostprocessing = 0;
		};
/* End PBXSourcesBuildPhase section */

/* Begin PBXVariantGroup section */
		C21F6C9F19032B0800756814 /* InfoPlist.strings */ = {
			isa = PBXVariantGroup;
			children = (
				C21F6CA019032B0800756814 /* en */,
			);
			name = InfoPlist.strings;
			sourceTree = "<group>";
		};
/* End PBXVariantGroup section */

/* Begin XCBuildConfiguration section */
		C21F6C9619032AAA00756814 /* Debug */ = {
			isa = XCBuildConfiguration;
			buildSettings = {
				ALWAYS_SEARCH_USER_PATHS = NO;
				CLANG_CXX_LANGUAGE_STANDARD = "gnu++0x";
				CLANG_CXX_LIBRARY = "libc++";
				CLANG_ENABLE_MODULES = YES;
				CLANG_ENABLE_OBJC_ARC = YES;
				CLANG_WARN_BOOL_CONVERSION = YES;
				CLANG_WARN_CONSTANT_CONVERSION = YES;
				CLANG_WARN_DIRECT_OBJC_ISA_USAGE = YES_ERROR;
				CLANG_WARN_EMPTY_BODY = YES;
				CLANG_WARN_ENUM_CONVERSION = YES;
				CLANG_WARN_INT_CONVERSION = YES;
				CLANG_WARN_OBJC_ROOT_CLASS = YES_ERROR;
				CLANG_WARN__DUPLICATE_METHOD_MATCH = YES;
				"CODE_SIGN_IDENTITY[sdk=iphoneos*]" = "iPhone Developer";
				COPY_PHASE_STRIP = NO;
				GCC_C_LANGUAGE_STANDARD = gnu99;
				GCC_DYNAMIC_NO_PIC = NO;
				GCC_OPTIMIZATION_LEVEL = 0;
				GCC_PREPROCESSOR_DEFINITIONS = (
					"DEBUG=1",
					"$(inherited)",
				);
				GCC_SYMBOLS_PRIVATE_EXTERN = NO;
				GCC_WARN_64_TO_32_BIT_CONVERSION = YES;
				GCC_WARN_ABOUT_RETURN_TYPE = YES_ERROR;
				GCC_WARN_UNDECLARED_SELECTOR = YES;
				GCC_WARN_UNINITIALIZED_AUTOS = YES_AGGRESSIVE;
				GCC_WARN_UNUSED_FUNCTION = YES;
				GCC_WARN_UNUSED_VARIABLE = YES;
				IPHONEOS_DEPLOYMENT_TARGET = 7.1;
				ONLY_ACTIVE_ARCH = YES;
				SDKROOT = iphoneos;
				TARGETED_DEVICE_FAMILY = "1,2";
			};
			name = Debug;
		};
		C21F6C9719032AAA00756814 /* Release */ = {
			isa = XCBuildConfiguration;
			buildSettings = {
				ALWAYS_SEARCH_USER_PATHS = NO;
				CLANG_CXX_LANGUAGE_STANDARD = "gnu++0x";
				CLANG_CXX_LIBRARY = "libc++";
				CLANG_ENABLE_MODULES = YES;
				CLANG_ENABLE_OBJC_ARC = YES;
				CLANG_WARN_BOOL_CONVERSION = YES;
				CLANG_WARN_CONSTANT_CONVERSION = YES;
				CLANG_WARN_DIRECT_OBJC_ISA_USAGE = YES_ERROR;
				CLANG_WARN_EMPTY_BODY = YES;
				CLANG_WARN_ENUM_CONVERSION = YES;
				CLANG_WARN_INT_CONVERSION = YES;
				CLANG_WARN_OBJC_ROOT_CLASS = YES_ERROR;
				CLANG_WARN__DUPLICATE_METHOD_MATCH = YES;
				"CODE_SIGN_IDENTITY[sdk=iphoneos*]" = "iPhone Developer";
				COPY_PHASE_STRIP = YES;
				ENABLE_NS_ASSERTIONS = NO;
				GCC_C_LANGUAGE_STANDARD = gnu99;
				GCC_WARN_64_TO_32_BIT_CONVERSION = YES;
				GCC_WARN_ABOUT_RETURN_TYPE = YES_ERROR;
				GCC_WARN_UNDECLARED_SELECTOR = YES;
				GCC_WARN_UNINITIALIZED_AUTOS = YES_AGGRESSIVE;
				GCC_WARN_UNUSED_FUNCTION = YES;
				GCC_WARN_UNUSED_VARIABLE = YES;
				IPHONEOS_DEPLOYMENT_TARGET = 7.1;
				SDKROOT = iphoneos;
				TARGETED_DEVICE_FAMILY = "1,2";
				VALIDATE_PRODUCT = YES;
			};
			name = Release;
		};
		C21F6C9919032AAA00756814 /* Debug */ = {
			isa = XCBuildConfiguration;
			buildSettings = {
				ASSETCATALOG_COMPILER_APPICON_NAME = AppIcon;
				ASSETCATALOG_COMPILER_LAUNCHIMAGE_NAME = LaunchImage;
				GCC_PRECOMPILE_PREFIX_HEADER = YES;
				GCC_PREFIX_HEADER = "ios-isgnals/ios-signals-Prefix.pch";
				INFOPLIST_FILE = "ios-isgnals/ios-signals-Info.plist";
				PRODUCT_NAME = "ios-signals";
				WRAPPER_EXTENSION = app;
			};
			name = Debug;
		};
		C21F6C9A19032AAA00756814 /* Release */ = {
			isa = XCBuildConfiguration;
			buildSettings = {
				ASSETCATALOG_COMPILER_APPICON_NAME = AppIcon;
				ASSETCATALOG_COMPILER_LAUNCHIMAGE_NAME = LaunchImage;
				GCC_PRECOMPILE_PREFIX_HEADER = YES;
				GCC_PREFIX_HEADER = "ios-isgnals/ios-signals-Prefix.pch";
				INFOPLIST_FILE = "ios-isgnals/ios-signals-Info.plist";
				PRODUCT_NAME = "ios-signals";
				WRAPPER_EXTENSION = app;
			};
			name = Release;
		};
/* End XCBuildConfiguration section */

/* Begin XCConfigurationList section */
		C21F6C6719032AA900756814 /* Build configuration list for PBXProject "ios-signals" */ = {
			isa = XCConfigurationList;
			buildConfigurations = (
				C21F6C9619032AAA00756814 /* Debug */,
				C21F6C9719032AAA00756814 /* Release */,
			);
			defaultConfigurationIsVisible = 0;
			defaultConfigurationName = Release;
		};
		C21F6C9819032AAA00756814 /* Build configuration list for PBXNativeTarget "ios-signals" */ = {
			isa = XCConfigurationList;
			buildConfigurations = (
				C21F6C9919032AAA00756814 /* Debug */,
				C21F6C9A19032AAA00756814 /* Release */,
			);
			defaultConfigurationIsVisible = 0;
			defaultConfigurationName = Release;
		};
/* End XCConfigurationList section */
	};
	rootObject = C21F6C6419032AA900756814 /* Project object */;
}
